
Microsoft Visual Studio Solution File, Format Version 12.00
# Visual Studio Version 16
VisualStudioVersion = 16.0.29806.167
MinimumVisualStudioVersion = 10.0.40219.1
Project("{FAE04EC0-301F-11D3-BF4B-00C04F79EFBC}") = "RepairShopView", "RepairShopView\RepairShopView.csproj", "{40DA13FD-16A5-4487-AE4C-A8D72175780C}"
EndProject
Project("{9A19103F-16F7-4668-BE54-9A1E7A4F7556}") = "RepairShopBusinessLogic", "RepairShopBusinessLogic\RepairShopBusinessLogic.csproj", "{AD71C5FA-0997-42C9-8125-DAFE27706919}"
EndProject
Project("{9A19103F-16F7-4668-BE54-9A1E7A4F7556}") = "RepairShopListImplement", "RepairShopListImplement\RepairShopListImplement.csproj", "{A625854D-4917-49C0-8174-F890D45561D9}"
EndProject
Project("{9A19103F-16F7-4668-BE54-9A1E7A4F7556}") = "RepairShopFileImplement", "RepairShopFileImplement\RepairShopFileImplement.csproj", "{4AAADB59-03B4-4DE1-B149-4B675339F7B1}"
EndProject
Project("{9A19103F-16F7-4668-BE54-9A1E7A4F7556}") = "RepairShopDatabaseImplement", "RepairShopDatabaseImplement\RepairShopDatabaseImplement.csproj", "{8D2DF86A-4814-4B65-B04E-504DE6662D3C}"
EndProject
Project("{9A19103F-16F7-4668-BE54-9A1E7A4F7556}") = "RepairShopRestApi", "RepairShopRestApi\RepairShopRestApi.csproj", "{AF3FA953-4E27-4790-8016-F9D86E26F3C1}"
EndProject
Project("{FAE04EC0-301F-11D3-BF4B-00C04F79EFBC}") = "RepairShopClientApp", "RepairShopClientApp\RepairShopClientApp.csproj", "{230DF216-C2DF-4EEF-BA9A-05604289CB83}"EndProject
Global
	GlobalSection(SolutionConfigurationPlatforms) = preSolution
		Debug|Any CPU = Debug|Any CPU
		Release|Any CPU = Release|Any CPU
	EndGlobalSection
	GlobalSection(ProjectConfigurationPlatforms) = postSolution
		{40DA13FD-16A5-4487-AE4C-A8D72175780C}.Debug|Any CPU.ActiveCfg = Debug|Any CPU
		{40DA13FD-16A5-4487-AE4C-A8D72175780C}.Debug|Any CPU.Build.0 = Debug|Any CPU
		{40DA13FD-16A5-4487-AE4C-A8D72175780C}.Release|Any CPU.ActiveCfg = Release|Any CPU
		{40DA13FD-16A5-4487-AE4C-A8D72175780C}.Release|Any CPU.Build.0 = Release|Any CPU
		{AD71C5FA-0997-42C9-8125-DAFE27706919}.Debug|Any CPU.ActiveCfg = Debug|Any CPU
		{AD71C5FA-0997-42C9-8125-DAFE27706919}.Debug|Any CPU.Build.0 = Debug|Any CPU
		{AD71C5FA-0997-42C9-8125-DAFE27706919}.Release|Any CPU.ActiveCfg = Release|Any CPU
		{AD71C5FA-0997-42C9-8125-DAFE27706919}.Release|Any CPU.Build.0 = Release|Any CPU
		{A625854D-4917-49C0-8174-F890D45561D9}.Debug|Any CPU.ActiveCfg = Debug|Any CPU
		{A625854D-4917-49C0-8174-F890D45561D9}.Debug|Any CPU.Build.0 = Debug|Any CPU
		{A625854D-4917-49C0-8174-F890D45561D9}.Release|Any CPU.ActiveCfg = Release|Any CPU
		{A625854D-4917-49C0-8174-F890D45561D9}.Release|Any CPU.Build.0 = Release|Any CPU
		{4AAADB59-03B4-4DE1-B149-4B675339F7B1}.Debug|Any CPU.ActiveCfg = Debug|Any CPU
		{4AAADB59-03B4-4DE1-B149-4B675339F7B1}.Debug|Any CPU.Build.0 = Debug|Any CPU
		{4AAADB59-03B4-4DE1-B149-4B675339F7B1}.Release|Any CPU.ActiveCfg = Release|Any CPU
		{4AAADB59-03B4-4DE1-B149-4B675339F7B1}.Release|Any CPU.Build.0 = Release|Any CPU
		{36F08175-4243-45E0-88B4-AD5613C0B529}.Debug|Any CPU.ActiveCfg = Debug|Any CPU
		{36F08175-4243-45E0-88B4-AD5613C0B529}.Debug|Any CPU.Build.0 = Debug|Any CPU
		{36F08175-4243-45E0-88B4-AD5613C0B529}.Release|Any CPU.ActiveCfg = Release|Any CPU
		{36F08175-4243-45E0-88B4-AD5613C0B529}.Release|Any CPU.Build.0 = Release|Any CPU
		{AF3FA953-4E27-4790-8016-F9D86E26F3C1}.Debug|Any CPU.ActiveCfg = Debug|Any CPU
		{AF3FA953-4E27-4790-8016-F9D86E26F3C1}.Debug|Any CPU.Build.0 = Debug|Any CPU
		{AF3FA953-4E27-4790-8016-F9D86E26F3C1}.Release|Any CPU.ActiveCfg = Release|Any CPU
		{AF3FA953-4E27-4790-8016-F9D86E26F3C1}.Release|Any CPU.Build.0 = Release|Any CPU
		{230DF216-C2DF-4EEF-BA9A-05604289CB83}.Debug|Any CPU.ActiveCfg = Debug|Any CPU
		{230DF216-C2DF-4EEF-BA9A-05604289CB83}.Debug|Any CPU.Build.0 = Debug|Any CPU
		{230DF216-C2DF-4EEF-BA9A-05604289CB83}.Release|Any CPU.ActiveCfg = Release|Any CPU
		{230DF216-C2DF-4EEF-BA9A-05604289CB83}.Release|Any CPU.Build.0 = Release|Any CPU
	EndGlobalSection
	GlobalSection(SolutionProperties) = preSolution
		HideSolutionNode = FALSE
	EndGlobalSection
	GlobalSection(ExtensibilityGlobals) = postSolution
		SolutionGuid = {C5F0CE8C-3821-4503-A029-1F4C9DC2770D}
	EndGlobalSection
EndGlobal
